
Microsoft Visual Studio Solution File, Format Version 12.00
# Visual Studio Version 17
VisualStudioVersion = 17.7.34009.444
MinimumVisualStudioVersion = 10.0.40219.1
Project("{FAE04EC0-301F-11D3-BF4B-00C04F79EFBC}") = "CatFactsAPI", "CatFactsAPI\CatFactsAPI.csproj", "{7DFA9400-CAA2-431F-8134-F8F1E316C6DD}"
EndProject
Project("{FAE04EC0-301F-11D3-BF4B-00C04F79EFBC}") = "CatFactsAPI.Test", "CatFactsAPI.Test\CatFactsAPI.Test.csproj", "{8AE6A4A2-0330-4B4E-94D5-1C89984D8B19}"
EndProject
Global
	GlobalSection(SolutionConfigurationPlatforms) = preSolution
		Debug|Any CPU = Debug|Any CPU
		Release|Any CPU = Release|Any CPU
	EndGlobalSection
	GlobalSection(ProjectConfigurationPlatforms) = postSolution
		{7DFA9400-CAA2-431F-8134-F8F1E316C6DD}.Debug|Any CPU.ActiveCfg = Debug|Any CPU
		{7DFA9400-CAA2-431F-8134-F8F1E316C6DD}.Debug|Any CPU.Build.0 = Debug|Any CPU
		{7DFA9400-CAA2-431F-8134-F8F1E316C6DD}.Release|Any CPU.ActiveCfg = Release|Any CPU
		{7DFA9400-CAA2-431F-8134-F8F1E316C6DD}.Release|Any CPU.Build.0 = Release|Any CPU
		{8AE6A4A2-0330-4B4E-94D5-1C89984D8B19}.Debug|Any CPU.ActiveCfg = Debug|Any CPU
		{8AE6A4A2-0330-4B4E-94D5-1C89984D8B19}.Debug|Any CPU.Build.0 = Debug|Any CPU
		{8AE6A4A2-0330-4B4E-94D5-1C89984D8B19}.Release|Any CPU.ActiveCfg = Release|Any CPU
		{8AE6A4A2-0330-4B4E-94D5-1C89984D8B19}.Release|Any CPU.Build.0 = Release|Any CPU
	EndGlobalSection
	GlobalSection(SolutionProperties) = preSolution
		HideSolutionNode = FALSE
	EndGlobalSection
	GlobalSection(ExtensibilityGlobals) = postSolution
		SolutionGuid = {C6409239-2D72-4EF2-A285-9E562077A2C4}
	EndGlobalSection
EndGlobal
